// !$*UTF8*$!
{
	archiveVersion = 1;
	classes = {
	};
	objectVersion = 51;
	objects = {

/* Begin PBXBuildFile section */
		7FD465E000ECCA9179FD3D11 /* Pods_WeatherLeBonCoin.framework in Frameworks */ = {isa = PBXBuildFile; fileRef = CBCF3597420596F905C20044 /* Pods_WeatherLeBonCoin.framework */; };
		932C1C0522E054A700169278 /* WeatherPresenter.swift in Sources */ = {isa = PBXBuildFile; fileRef = 932C1C0422E054A700169278 /* WeatherPresenter.swift */; };
		932C1C0722E057F500169278 /* WeatherRouter.swift in Sources */ = {isa = PBXBuildFile; fileRef = 932C1C0622E057F500169278 /* WeatherRouter.swift */; };
		93521C7622DF6823008A4FD8 /* WeatherItem.swift in Sources */ = {isa = PBXBuildFile; fileRef = 93521C7522DF6823008A4FD8 /* WeatherItem.swift */; };
		93521C7822DF6A0A008A4FD8 /* WeatherParser.swift in Sources */ = {isa = PBXBuildFile; fileRef = 93521C7722DF6A0A008A4FD8 /* WeatherParser.swift */; };
		93521C7A22DF724E008A4FD8 /* WeatherAlamofireRouter.swift in Sources */ = {isa = PBXBuildFile; fileRef = 93521C7922DF724E008A4FD8 /* WeatherAlamofireRouter.swift */; };
		93521C7C22DF771A008A4FD8 /* WeatherWebService.swift in Sources */ = {isa = PBXBuildFile; fileRef = 93521C7B22DF771A008A4FD8 /* WeatherWebService.swift */; };
		93521C7E22DF7752008A4FD8 /* WeatherResponseCompletionInterpreter.swift in Sources */ = {isa = PBXBuildFile; fileRef = 93521C7D22DF7752008A4FD8 /* WeatherResponseCompletionInterpreter.swift */; };
		93521C8022DF77A6008A4FD8 /* WeatherTypeAlias.swift in Sources */ = {isa = PBXBuildFile; fileRef = 93521C7F22DF77A6008A4FD8 /* WeatherTypeAlias.swift */; };
		93521C8222DF77FD008A4FD8 /* WeatherManager.swift in Sources */ = {isa = PBXBuildFile; fileRef = 93521C8122DF77FD008A4FD8 /* WeatherManager.swift */; };
		93521C8922DF81DA008A4FD8 /* WeatherListTableViewController.swift in Sources */ = {isa = PBXBuildFile; fileRef = 93521C8822DF81DA008A4FD8 /* WeatherListTableViewController.swift */; };
		9358572722E0916E004A4208 /* WeatherForecast+CoreDataClass.swift in Sources */ = {isa = PBXBuildFile; fileRef = 9358572522E0916E004A4208 /* WeatherForecast+CoreDataClass.swift */; };
		9358572822E0916E004A4208 /* WeatherForecast+CoreDataProperties.swift in Sources */ = {isa = PBXBuildFile; fileRef = 9358572622E0916E004A4208 /* WeatherForecast+CoreDataProperties.swift */; };
		9358572A22E09A57004A4208 /* Date.swift in Sources */ = {isa = PBXBuildFile; fileRef = 9358572922E09A57004A4208 /* Date.swift */; };
		9358573122E0AEC3004A4208 /* WeatherDetailsViewController.swift in Sources */ = {isa = PBXBuildFile; fileRef = 9358573022E0AEC3004A4208 /* WeatherDetailsViewController.swift */; };
		9358574422E0D321004A4208 /* OHHTTPStubsUtil.swift in Sources */ = {isa = PBXBuildFile; fileRef = 9358574322E0D321004A4208 /* OHHTTPStubsUtil.swift */; };
		9358574E22E1A1C5004A4208 /* WeatherWebServiceTests.swift in Sources */ = {isa = PBXBuildFile; fileRef = 9358574D22E1A1C5004A4208 /* WeatherWebServiceTests.swift */; };
		9358575122E1A215004A4208 /* WeatherMock.json in Resources */ = {isa = PBXBuildFile; fileRef = 9358575022E1A215004A4208 /* WeatherMock.json */; };
		9365277A22E1D05900D13621 /* Array.swift in Sources */ = {isa = PBXBuildFile; fileRef = 9365277922E1D05900D13621 /* Array.swift */; };
		9365277C22E1D08800D13621 /* LocationServiceManager.swift in Sources */ = {isa = PBXBuildFile; fileRef = 9365277B22E1D08800D13621 /* LocationServiceManager.swift */; };
		9365277E22E1D0AE00D13621 /* TypeAlias.swift in Sources */ = {isa = PBXBuildFile; fileRef = 9365277D22E1D0AE00D13621 /* TypeAlias.swift */; };
		936C008722E06B0D000E50C8 /* UIView.swift in Sources */ = {isa = PBXBuildFile; fileRef = 936C008622E06B0D000E50C8 /* UIView.swift */; };
		936C008A22E06B77000E50C8 /* WeatherTableViewCell.swift in Sources */ = {isa = PBXBuildFile; fileRef = 936C008922E06B77000E50C8 /* WeatherTableViewCell.swift */; };
		937F86B122E07A86002E06F6 /* WeatherDataModel.xcdatamodeld in Sources */ = {isa = PBXBuildFile; fileRef = 937F86AF22E07A86002E06F6 /* WeatherDataModel.xcdatamodeld */; };
		937F86BC22E0891D002E06F6 /* CoreDataService.swift in Sources */ = {isa = PBXBuildFile; fileRef = 937F86BB22E0891D002E06F6 /* CoreDataService.swift */; };
		93BA37E222DF5BFC002EBF9A /* AppDelegate.swift in Sources */ = {isa = PBXBuildFile; fileRef = 93BA37E122DF5BFC002EBF9A /* AppDelegate.swift */; };
		93BA37E922DF5BFD002EBF9A /* Assets.xcassets in Resources */ = {isa = PBXBuildFile; fileRef = 93BA37E822DF5BFD002EBF9A /* Assets.xcassets */; };
		93BA37EC22DF5BFD002EBF9A /* LaunchScreen.storyboard in Resources */ = {isa = PBXBuildFile; fileRef = 93BA37EA22DF5BFD002EBF9A /* LaunchScreen.storyboard */; };
		B4B26426063803CEED0825E1 /* Pods_WeatherLeBonCoinTests.framework in Frameworks */ = {isa = PBXBuildFile; fileRef = 3E36F56BE799FB9DA927BEFD /* Pods_WeatherLeBonCoinTests.framework */; };
/* End PBXBuildFile section */

/* Begin PBXContainerItemProxy section */
		9358573D22E0D290004A4208 /* PBXContainerItemProxy */ = {
			isa = PBXContainerItemProxy;
			containerPortal = 93BA37D622DF5BFC002EBF9A /* Project object */;
			proxyType = 1;
			remoteGlobalIDString = 93BA37DD22DF5BFC002EBF9A;
			remoteInfo = WeatherLeBonCoin;
		};
/* End PBXContainerItemProxy section */

/* Begin PBXFileReference section */
		3E36F56BE799FB9DA927BEFD /* Pods_WeatherLeBonCoinTests.framework */ = {isa = PBXFileReference; explicitFileType = wrapper.framework; includeInIndex = 0; path = Pods_WeatherLeBonCoinTests.framework; sourceTree = BUILT_PRODUCTS_DIR; };
		77B988D9405B3B17857AEC49 /* Pods-WeatherLeBonCoin.debug.xcconfig */ = {isa = PBXFileReference; includeInIndex = 1; lastKnownFileType = text.xcconfig; name = "Pods-WeatherLeBonCoin.debug.xcconfig"; path = "Target Support Files/Pods-WeatherLeBonCoin/Pods-WeatherLeBonCoin.debug.xcconfig"; sourceTree = "<group>"; };
		932C1C0422E054A700169278 /* WeatherPresenter.swift */ = {isa = PBXFileReference; lastKnownFileType = sourcecode.swift; path = WeatherPresenter.swift; sourceTree = "<group>"; };
		932C1C0622E057F500169278 /* WeatherRouter.swift */ = {isa = PBXFileReference; lastKnownFileType = sourcecode.swift; path = WeatherRouter.swift; sourceTree = "<group>"; };
		93521C7522DF6823008A4FD8 /* WeatherItem.swift */ = {isa = PBXFileReference; lastKnownFileType = sourcecode.swift; path = WeatherItem.swift; sourceTree = "<group>"; };
		93521C7722DF6A0A008A4FD8 /* WeatherParser.swift */ = {isa = PBXFileReference; lastKnownFileType = sourcecode.swift; path = WeatherParser.swift; sourceTree = "<group>"; };
		93521C7922DF724E008A4FD8 /* WeatherAlamofireRouter.swift */ = {isa = PBXFileReference; lastKnownFileType = sourcecode.swift; path = WeatherAlamofireRouter.swift; sourceTree = "<group>"; };
		93521C7B22DF771A008A4FD8 /* WeatherWebService.swift */ = {isa = PBXFileReference; lastKnownFileType = sourcecode.swift; path = WeatherWebService.swift; sourceTree = "<group>"; };
		93521C7D22DF7752008A4FD8 /* WeatherResponseCompletionInterpreter.swift */ = {isa = PBXFileReference; lastKnownFileType = sourcecode.swift; path = WeatherResponseCompletionInterpreter.swift; sourceTree = "<group>"; };
		93521C7F22DF77A6008A4FD8 /* WeatherTypeAlias.swift */ = {isa = PBXFileReference; lastKnownFileType = sourcecode.swift; path = WeatherTypeAlias.swift; sourceTree = "<group>"; };
		93521C8122DF77FD008A4FD8 /* WeatherManager.swift */ = {isa = PBXFileReference; lastKnownFileType = sourcecode.swift; path = WeatherManager.swift; sourceTree = "<group>"; };
		93521C8822DF81DA008A4FD8 /* WeatherListTableViewController.swift */ = {isa = PBXFileReference; lastKnownFileType = sourcecode.swift; path = WeatherListTableViewController.swift; sourceTree = "<group>"; };
		9358572522E0916E004A4208 /* WeatherForecast+CoreDataClass.swift */ = {isa = PBXFileReference; lastKnownFileType = sourcecode.swift; path = "WeatherForecast+CoreDataClass.swift"; sourceTree = "<group>"; };
		9358572622E0916E004A4208 /* WeatherForecast+CoreDataProperties.swift */ = {isa = PBXFileReference; lastKnownFileType = sourcecode.swift; path = "WeatherForecast+CoreDataProperties.swift"; sourceTree = "<group>"; };
		9358572922E09A57004A4208 /* Date.swift */ = {isa = PBXFileReference; lastKnownFileType = sourcecode.swift; path = Date.swift; sourceTree = "<group>"; };
		9358573022E0AEC3004A4208 /* WeatherDetailsViewController.swift */ = {isa = PBXFileReference; lastKnownFileType = sourcecode.swift; path = WeatherDetailsViewController.swift; sourceTree = "<group>"; };
		9358573822E0D290004A4208 /* WeatherLeBonCoinTests.xctest */ = {isa = PBXFileReference; explicitFileType = wrapper.cfbundle; includeInIndex = 0; path = WeatherLeBonCoinTests.xctest; sourceTree = BUILT_PRODUCTS_DIR; };
		9358573C22E0D290004A4208 /* Info.plist */ = {isa = PBXFileReference; lastKnownFileType = text.plist.xml; path = Info.plist; sourceTree = "<group>"; };
		9358574322E0D321004A4208 /* OHHTTPStubsUtil.swift */ = {isa = PBXFileReference; lastKnownFileType = sourcecode.swift; path = OHHTTPStubsUtil.swift; sourceTree = "<group>"; };
		9358574D22E1A1C5004A4208 /* WeatherWebServiceTests.swift */ = {isa = PBXFileReference; lastKnownFileType = sourcecode.swift; path = WeatherWebServiceTests.swift; sourceTree = "<group>"; };
		9358575022E1A215004A4208 /* WeatherMock.json */ = {isa = PBXFileReference; lastKnownFileType = text.json; path = WeatherMock.json; sourceTree = "<group>"; };
		9365277922E1D05900D13621 /* Array.swift */ = {isa = PBXFileReference; lastKnownFileType = sourcecode.swift; path = Array.swift; sourceTree = "<group>"; };
		9365277B22E1D08800D13621 /* LocationServiceManager.swift */ = {isa = PBXFileReference; lastKnownFileType = sourcecode.swift; path = LocationServiceManager.swift; sourceTree = "<group>"; };
		9365277D22E1D0AE00D13621 /* TypeAlias.swift */ = {isa = PBXFileReference; lastKnownFileType = sourcecode.swift; path = TypeAlias.swift; sourceTree = "<group>"; };
		936C008622E06B0D000E50C8 /* UIView.swift */ = {isa = PBXFileReference; lastKnownFileType = sourcecode.swift; path = UIView.swift; sourceTree = "<group>"; };
		936C008922E06B77000E50C8 /* WeatherTableViewCell.swift */ = {isa = PBXFileReference; lastKnownFileType = sourcecode.swift; path = WeatherTableViewCell.swift; sourceTree = "<group>"; };
		937F86B022E07A86002E06F6 /* WeatherDataModel.xcdatamodel */ = {isa = PBXFileReference; lastKnownFileType = wrapper.xcdatamodel; path = WeatherDataModel.xcdatamodel; sourceTree = "<group>"; };
		937F86BB22E0891D002E06F6 /* CoreDataService.swift */ = {isa = PBXFileReference; lastKnownFileType = sourcecode.swift; path = CoreDataService.swift; sourceTree = "<group>"; };
		93BA37DE22DF5BFC002EBF9A /* WeatherLeBonCoin.app */ = {isa = PBXFileReference; explicitFileType = wrapper.application; includeInIndex = 0; path = WeatherLeBonCoin.app; sourceTree = BUILT_PRODUCTS_DIR; };
		93BA37E122DF5BFC002EBF9A /* AppDelegate.swift */ = {isa = PBXFileReference; lastKnownFileType = sourcecode.swift; path = AppDelegate.swift; sourceTree = "<group>"; };
		93BA37E822DF5BFD002EBF9A /* Assets.xcassets */ = {isa = PBXFileReference; lastKnownFileType = folder.assetcatalog; path = Assets.xcassets; sourceTree = "<group>"; };
		93BA37EB22DF5BFD002EBF9A /* Base */ = {isa = PBXFileReference; lastKnownFileType = file.storyboard; name = Base; path = Base.lproj/LaunchScreen.storyboard; sourceTree = "<group>"; };
		93BA37ED22DF5BFD002EBF9A /* Info.plist */ = {isa = PBXFileReference; lastKnownFileType = text.plist.xml; path = Info.plist; sourceTree = "<group>"; };
		9743D99F6DCA1953362AE396 /* Pods-WeatherLeBonCoin.release.xcconfig */ = {isa = PBXFileReference; includeInIndex = 1; lastKnownFileType = text.xcconfig; name = "Pods-WeatherLeBonCoin.release.xcconfig"; path = "Target Support Files/Pods-WeatherLeBonCoin/Pods-WeatherLeBonCoin.release.xcconfig"; sourceTree = "<group>"; };
		CBCF3597420596F905C20044 /* Pods_WeatherLeBonCoin.framework */ = {isa = PBXFileReference; explicitFileType = wrapper.framework; includeInIndex = 0; path = Pods_WeatherLeBonCoin.framework; sourceTree = BUILT_PRODUCTS_DIR; };
		E6D763BC18567799CFAD4E71 /* Pods-WeatherLeBonCoinTests.debug.xcconfig */ = {isa = PBXFileReference; includeInIndex = 1; lastKnownFileType = text.xcconfig; name = "Pods-WeatherLeBonCoinTests.debug.xcconfig"; path = "Target Support Files/Pods-WeatherLeBonCoinTests/Pods-WeatherLeBonCoinTests.debug.xcconfig"; sourceTree = "<group>"; };
		F4E609F0B94CBA0CD2195D14 /* Pods-WeatherLeBonCoinTests.release.xcconfig */ = {isa = PBXFileReference; includeInIndex = 1; lastKnownFileType = text.xcconfig; name = "Pods-WeatherLeBonCoinTests.release.xcconfig"; path = "Target Support Files/Pods-WeatherLeBonCoinTests/Pods-WeatherLeBonCoinTests.release.xcconfig"; sourceTree = "<group>"; };
/* End PBXFileReference section */

/* Begin PBXFrameworksBuildPhase section */
		9358573522E0D290004A4208 /* Frameworks */ = {
			isa = PBXFrameworksBuildPhase;
			buildActionMask = 2147483647;
			files = (
				B4B26426063803CEED0825E1 /* Pods_WeatherLeBonCoinTests.framework in Frameworks */,
			);
			runOnlyForDeploymentPostprocessing = 0;
		};
		93BA37DB22DF5BFC002EBF9A /* Frameworks */ = {
			isa = PBXFrameworksBuildPhase;
			buildActionMask = 2147483647;
			files = (
				7FD465E000ECCA9179FD3D11 /* Pods_WeatherLeBonCoin.framework in Frameworks */,
			);
			runOnlyForDeploymentPostprocessing = 0;
		};
/* End PBXFrameworksBuildPhase section */

/* Begin PBXGroup section */
		93521C6022DF6623008A4FD8 /* Core Data */ = {
			isa = PBXGroup;
			children = (
				9358572522E0916E004A4208 /* WeatherForecast+CoreDataClass.swift */,
				9358572622E0916E004A4208 /* WeatherForecast+CoreDataProperties.swift */,
				937F86BB22E0891D002E06F6 /* CoreDataService.swift */,
			);
			path = "Core Data";
			sourceTree = "<group>";
		};
		93521C6122DF662D008A4FD8 /* Main */ = {
			isa = PBXGroup;
			children = (
				9365277822E1D02600D13621 /* Common Utils */,
				93521C6B22DF66A5008A4FD8 /* Domain */,
				93521C6C22DF66B0008A4FD8 /* Presentation */,
			);
			path = Main;
			sourceTree = "<group>";
		};
		93521C6B22DF66A5008A4FD8 /* Domain */ = {
			isa = PBXGroup;
			children = (
				93521C6D22DF66C1008A4FD8 /* Manager */,
				93521C6E22DF66CC008A4FD8 /* Model */,
				93521C6F22DF66D1008A4FD8 /* Parser */,
				93521C7022DF66DA008A4FD8 /* Services */,
			);
			path = Domain;
			sourceTree = "<group>";
		};
		93521C6C22DF66B0008A4FD8 /* Presentation */ = {
			isa = PBXGroup;
			children = (
				936C008822E06B61000E50C8 /* Views */,
				93521C7422DF672C008A4FD8 /* ViewControllers */,
				93521C7222DF671E008A4FD8 /* Router */,
				93521C7122DF6716008A4FD8 /* Presenter */,
			);
			path = Presentation;
			sourceTree = "<group>";
		};
		93521C6D22DF66C1008A4FD8 /* Manager */ = {
			isa = PBXGroup;
			children = (
				93521C8122DF77FD008A4FD8 /* WeatherManager.swift */,
			);
			path = Manager;
			sourceTree = "<group>";
		};
		93521C6E22DF66CC008A4FD8 /* Model */ = {
			isa = PBXGroup;
			children = (
				93521C7522DF6823008A4FD8 /* WeatherItem.swift */,
			);
			path = Model;
			sourceTree = "<group>";
		};
		93521C6F22DF66D1008A4FD8 /* Parser */ = {
			isa = PBXGroup;
			children = (
				93521C7722DF6A0A008A4FD8 /* WeatherParser.swift */,
			);
			path = Parser;
			sourceTree = "<group>";
		};
		93521C7022DF66DA008A4FD8 /* Services */ = {
			isa = PBXGroup;
			children = (
				93521C7F22DF77A6008A4FD8 /* WeatherTypeAlias.swift */,
				93521C7922DF724E008A4FD8 /* WeatherAlamofireRouter.swift */,
				93521C7B22DF771A008A4FD8 /* WeatherWebService.swift */,
				93521C7D22DF7752008A4FD8 /* WeatherResponseCompletionInterpreter.swift */,
			);
			path = Services;
			sourceTree = "<group>";
		};
		93521C7122DF6716008A4FD8 /* Presenter */ = {
			isa = PBXGroup;
			children = (
				932C1C0422E054A700169278 /* WeatherPresenter.swift */,
			);
			path = Presenter;
			sourceTree = "<group>";
		};
		93521C7222DF671E008A4FD8 /* Router */ = {
			isa = PBXGroup;
			children = (
				932C1C0622E057F500169278 /* WeatherRouter.swift */,
			);
			path = Router;
			sourceTree = "<group>";
		};
		93521C7422DF672C008A4FD8 /* ViewControllers */ = {
			isa = PBXGroup;
			children = (
				93521C8822DF81DA008A4FD8 /* WeatherListTableViewController.swift */,
				9358573022E0AEC3004A4208 /* WeatherDetailsViewController.swift */,
			);
			path = ViewControllers;
			sourceTree = "<group>";
		};
		9358573922E0D290004A4208 /* WeatherLeBonCoinTests */ = {
			isa = PBXGroup;
			children = (
				9358574F22E1A1F3004A4208 /* Mocks */,
				9358574A22E19B12004A4208 /* Domain */,
				9358574222E0D2F1004A4208 /* Utils */,
				9358573C22E0D290004A4208 /* Info.plist */,
			);
			path = WeatherLeBonCoinTests;
			sourceTree = "<group>";
		};
		9358574222E0D2F1004A4208 /* Utils */ = {
			isa = PBXGroup;
			children = (
				9358574322E0D321004A4208 /* OHHTTPStubsUtil.swift */,
			);
			path = Utils;
			sourceTree = "<group>";
		};
		9358574A22E19B12004A4208 /* Domain */ = {
			isa = PBXGroup;
			children = (
				9358574D22E1A1C5004A4208 /* WeatherWebServiceTests.swift */,
			);
			path = Domain;
			sourceTree = "<group>";
		};
		9358574F22E1A1F3004A4208 /* Mocks */ = {
			isa = PBXGroup;
			children = (
				9358575022E1A215004A4208 /* WeatherMock.json */,
			);
			path = Mocks;
			sourceTree = "<group>";
		};
		9365277822E1D02600D13621 /* Common Utils */ = {
			isa = PBXGroup;
			children = (
				9365277922E1D05900D13621 /* Array.swift */,
				9358572922E09A57004A4208 /* Date.swift */,
				936C008622E06B0D000E50C8 /* UIView.swift */,
				9365277B22E1D08800D13621 /* LocationServiceManager.swift */,
				9365277D22E1D0AE00D13621 /* TypeAlias.swift */,
			);
			path = "Common Utils";
			sourceTree = "<group>";
		};
		936C008822E06B61000E50C8 /* Views */ = {
			isa = PBXGroup;
			children = (
				936C008922E06B77000E50C8 /* WeatherTableViewCell.swift */,
			);
			path = Views;
			sourceTree = "<group>";
		};
		93BA37D522DF5BFC002EBF9A = {
			isa = PBXGroup;
			children = (
				937F86AF22E07A86002E06F6 /* WeatherDataModel.xcdatamodeld */,
				93BA37E022DF5BFC002EBF9A /* WeatherLeBonCoin */,
				9358573922E0D290004A4208 /* WeatherLeBonCoinTests */,
				93BA37DF22DF5BFC002EBF9A /* Products */,
				D6211EA9AFF8524F056B6A94 /* Pods */,
				976D65285EBCFAABC216E841 /* Frameworks */,
			);
			sourceTree = "<group>";
		};
		93BA37DF22DF5BFC002EBF9A /* Products */ = {
			isa = PBXGroup;
			children = (
				93BA37DE22DF5BFC002EBF9A /* WeatherLeBonCoin.app */,
				9358573822E0D290004A4208 /* WeatherLeBonCoinTests.xctest */,
			);
			name = Products;
			sourceTree = "<group>";
		};
		93BA37E022DF5BFC002EBF9A /* WeatherLeBonCoin */ = {
			isa = PBXGroup;
			children = (
				93BA37ED22DF5BFD002EBF9A /* Info.plist */,
				93BA37F322DF6382002EBF9A /* App delegate */,
				93BA37E822DF5BFD002EBF9A /* Assets.xcassets */,
				93521C6022DF6623008A4FD8 /* Core Data */,
				93BA37EA22DF5BFD002EBF9A /* LaunchScreen.storyboard */,
				93521C6122DF662D008A4FD8 /* Main */,
			);
			path = WeatherLeBonCoin;
			sourceTree = "<group>";
		};
		93BA37F322DF6382002EBF9A /* App delegate */ = {
			isa = PBXGroup;
			children = (
				93BA37E122DF5BFC002EBF9A /* AppDelegate.swift */,
			);
			path = "App delegate";
			sourceTree = "<group>";
		};
		976D65285EBCFAABC216E841 /* Frameworks */ = {
			isa = PBXGroup;
			children = (
				CBCF3597420596F905C20044 /* Pods_WeatherLeBonCoin.framework */,
				3E36F56BE799FB9DA927BEFD /* Pods_WeatherLeBonCoinTests.framework */,
			);
			name = Frameworks;
			sourceTree = "<group>";
		};
		D6211EA9AFF8524F056B6A94 /* Pods */ = {
			isa = PBXGroup;
			children = (
				77B988D9405B3B17857AEC49 /* Pods-WeatherLeBonCoin.debug.xcconfig */,
				9743D99F6DCA1953362AE396 /* Pods-WeatherLeBonCoin.release.xcconfig */,
				E6D763BC18567799CFAD4E71 /* Pods-WeatherLeBonCoinTests.debug.xcconfig */,
				F4E609F0B94CBA0CD2195D14 /* Pods-WeatherLeBonCoinTests.release.xcconfig */,
			);
			path = Pods;
			sourceTree = "<group>";
		};
/* End PBXGroup section */

/* Begin PBXNativeTarget section */
		9358573722E0D290004A4208 /* WeatherLeBonCoinTests */ = {
			isa = PBXNativeTarget;
			buildConfigurationList = 9358573F22E0D290004A4208 /* Build configuration list for PBXNativeTarget "WeatherLeBonCoinTests" */;
			buildPhases = (
				75BBFBE7DAC024BD37AD903E /* [CP] Check Pods Manifest.lock */,
				9358573422E0D290004A4208 /* Sources */,
				9358573522E0D290004A4208 /* Frameworks */,
				9358573622E0D290004A4208 /* Resources */,
				2FFC9D2BD0AEFDE478AFBB34 /* [CP] Embed Pods Frameworks */,
			);
			buildRules = (
			);
			dependencies = (
				9358573E22E0D290004A4208 /* PBXTargetDependency */,
			);
			name = WeatherLeBonCoinTests;
			productName = WeatherLeBonCoinTests;
			productReference = 9358573822E0D290004A4208 /* WeatherLeBonCoinTests.xctest */;
			productType = "com.apple.product-type.bundle.unit-test";
		};
		93BA37DD22DF5BFC002EBF9A /* WeatherLeBonCoin */ = {
			isa = PBXNativeTarget;
			buildConfigurationList = 93BA37F022DF5BFD002EBF9A /* Build configuration list for PBXNativeTarget "WeatherLeBonCoin" */;
			buildPhases = (
				9C1A50824A16494E148E5E2B /* [CP] Check Pods Manifest.lock */,
				93BA37DA22DF5BFC002EBF9A /* Sources */,
				93BA37DB22DF5BFC002EBF9A /* Frameworks */,
				93BA37DC22DF5BFC002EBF9A /* Resources */,
				1D41F8D1ACD29BEFAB067494 /* [CP] Embed Pods Frameworks */,
			);
			buildRules = (
			);
			dependencies = (
			);
			name = WeatherLeBonCoin;
			productName = WeatherLeBonCoin;
			productReference = 93BA37DE22DF5BFC002EBF9A /* WeatherLeBonCoin.app */;
			productType = "com.apple.product-type.application";
		};
/* End PBXNativeTarget section */

/* Begin PBXProject section */
		93BA37D622DF5BFC002EBF9A /* Project object */ = {
			isa = PBXProject;
			attributes = {
				DefaultBuildSystemTypeForWorkspace = Original;
				LastSwiftUpdateCheck = 1020;
				LastUpgradeCheck = 1020;
				ORGANIZATIONNAME = "RANIA NAJAH";
				TargetAttributes = {
					9358573722E0D290004A4208 = {
						CreatedOnToolsVersion = 10.2.1;
						TestTargetID = 93BA37DD22DF5BFC002EBF9A;
					};
					93BA37DD22DF5BFC002EBF9A = {
						CreatedOnToolsVersion = 10.2.1;
					};
				};
			};
			buildConfigurationList = 93BA37D922DF5BFC002EBF9A /* Build configuration list for PBXProject "WeatherLeBonCoin" */;
			compatibilityVersion = "Xcode 9.3";
			developmentRegion = en;
			hasScannedForEncodings = 0;
			knownRegions = (
				en,
				Base,
			);
			mainGroup = 93BA37D522DF5BFC002EBF9A;
			productRefGroup = 93BA37DF22DF5BFC002EBF9A /* Products */;
			projectDirPath = "";
			projectRoot = "";
			targets = (
				93BA37DD22DF5BFC002EBF9A /* WeatherLeBonCoin */,
				9358573722E0D290004A4208 /* WeatherLeBonCoinTests */,
			);
		};
/* End PBXProject section */

/* Begin PBXResourcesBuildPhase section */
		9358573622E0D290004A4208 /* Resources */ = {
			isa = PBXResourcesBuildPhase;
			buildActionMask = 2147483647;
			files = (
				9358575122E1A215004A4208 /* WeatherMock.json in Resources */,
			);
			runOnlyForDeploymentPostprocessing = 0;
		};
		93BA37DC22DF5BFC002EBF9A /* Resources */ = {
			isa = PBXResourcesBuildPhase;
			buildActionMask = 2147483647;
			files = (
				93BA37EC22DF5BFD002EBF9A /* LaunchScreen.storyboard in Resources */,
				93BA37E922DF5BFD002EBF9A /* Assets.xcassets in Resources */,
			);
			runOnlyForDeploymentPostprocessing = 0;
		};
/* End PBXResourcesBuildPhase section */

/* Begin PBXShellScriptBuildPhase section */
		1D41F8D1ACD29BEFAB067494 /* [CP] Embed Pods Frameworks */ = {
			isa = PBXShellScriptBuildPhase;
			buildActionMask = 2147483647;
			files = (
			);
			inputFileListPaths = (
				"${PODS_ROOT}/Target Support Files/Pods-WeatherLeBonCoin/Pods-WeatherLeBonCoin-frameworks-${CONFIGURATION}-input-files.xcfilelist",
			);
			name = "[CP] Embed Pods Frameworks";
			outputFileListPaths = (
				"${PODS_ROOT}/Target Support Files/Pods-WeatherLeBonCoin/Pods-WeatherLeBonCoin-frameworks-${CONFIGURATION}-output-files.xcfilelist",
			);
			runOnlyForDeploymentPostprocessing = 0;
			shellPath = /bin/sh;
			shellScript = "\"${PODS_ROOT}/Target Support Files/Pods-WeatherLeBonCoin/Pods-WeatherLeBonCoin-frameworks.sh\"\n";
			showEnvVarsInLog = 0;
		};
		2FFC9D2BD0AEFDE478AFBB34 /* [CP] Embed Pods Frameworks */ = {
			isa = PBXShellScriptBuildPhase;
			buildActionMask = 2147483647;
			files = (
			);
			inputFileListPaths = (
				"${PODS_ROOT}/Target Support Files/Pods-WeatherLeBonCoinTests/Pods-WeatherLeBonCoinTests-frameworks-${CONFIGURATION}-input-files.xcfilelist",
			);
			name = "[CP] Embed Pods Frameworks";
			outputFileListPaths = (
				"${PODS_ROOT}/Target Support Files/Pods-WeatherLeBonCoinTests/Pods-WeatherLeBonCoinTests-frameworks-${CONFIGURATION}-output-files.xcfilelist",
			);
			runOnlyForDeploymentPostprocessing = 0;
			shellPath = /bin/sh;
			shellScript = "\"${PODS_ROOT}/Target Support Files/Pods-WeatherLeBonCoinTests/Pods-WeatherLeBonCoinTests-frameworks.sh\"\n";
			showEnvVarsInLog = 0;
		};
		75BBFBE7DAC024BD37AD903E /* [CP] Check Pods Manifest.lock */ = {
			isa = PBXShellScriptBuildPhase;
			buildActionMask = 2147483647;
			files = (
			);
			inputFileListPaths = (
			);
			inputPaths = (
				"${PODS_PODFILE_DIR_PATH}/Podfile.lock",
				"${PODS_ROOT}/Manifest.lock",
			);
			name = "[CP] Check Pods Manifest.lock";
			outputFileListPaths = (
			);
			outputPaths = (
				"$(DERIVED_FILE_DIR)/Pods-WeatherLeBonCoinTests-checkManifestLockResult.txt",
			);
			runOnlyForDeploymentPostprocessing = 0;
			shellPath = /bin/sh;
			shellScript = "diff \"${PODS_PODFILE_DIR_PATH}/Podfile.lock\" \"${PODS_ROOT}/Manifest.lock\" > /dev/null\nif [ $? != 0 ] ; then\n    # print error to STDERR\n    echo \"error: The sandbox is not in sync with the Podfile.lock. Run 'pod install' or update your CocoaPods installation.\" >&2\n    exit 1\nfi\n# This output is used by Xcode 'outputs' to avoid re-running this script phase.\necho \"SUCCESS\" > \"${SCRIPT_OUTPUT_FILE_0}\"\n";
			showEnvVarsInLog = 0;
		};
		9C1A50824A16494E148E5E2B /* [CP] Check Pods Manifest.lock */ = {
			isa = PBXShellScriptBuildPhase;
			buildActionMask = 2147483647;
			files = (
			);
			inputFileListPaths = (
			);
			inputPaths = (
				"${PODS_PODFILE_DIR_PATH}/Podfile.lock",
				"${PODS_ROOT}/Manifest.lock",
			);
			name = "[CP] Check Pods Manifest.lock";
			outputFileListPaths = (
			);
			outputPaths = (
				"$(DERIVED_FILE_DIR)/Pods-WeatherLeBonCoin-checkManifestLockResult.txt",
			);
			runOnlyForDeploymentPostprocessing = 0;
			shellPath = /bin/sh;
			shellScript = "diff \"${PODS_PODFILE_DIR_PATH}/Podfile.lock\" \"${PODS_ROOT}/Manifest.lock\" > /dev/null\nif [ $? != 0 ] ; then\n    # print error to STDERR\n    echo \"error: The sandbox is not in sync with the Podfile.lock. Run 'pod install' or update your CocoaPods installation.\" >&2\n    exit 1\nfi\n# This output is used by Xcode 'outputs' to avoid re-running this script phase.\necho \"SUCCESS\" > \"${SCRIPT_OUTPUT_FILE_0}\"\n";
			showEnvVarsInLog = 0;
		};
/* End PBXShellScriptBuildPhase section */

/* Begin PBXSourcesBuildPhase section */
		9358573422E0D290004A4208 /* Sources */ = {
			isa = PBXSourcesBuildPhase;
			buildActionMask = 2147483647;
			files = (
				9358574422E0D321004A4208 /* OHHTTPStubsUtil.swift in Sources */,
				9358574E22E1A1C5004A4208 /* WeatherWebServiceTests.swift in Sources */,
			);
			runOnlyForDeploymentPostprocessing = 0;
		};
		93BA37DA22DF5BFC002EBF9A /* Sources */ = {
			isa = PBXSourcesBuildPhase;
			buildActionMask = 2147483647;
			files = (
				93521C8022DF77A6008A4FD8 /* WeatherTypeAlias.swift in Sources */,
				9358572722E0916E004A4208 /* WeatherForecast+CoreDataClass.swift in Sources */,
				93521C7E22DF7752008A4FD8 /* WeatherResponseCompletionInterpreter.swift in Sources */,
				93521C7A22DF724E008A4FD8 /* WeatherAlamofireRouter.swift in Sources */,
				9358572822E0916E004A4208 /* WeatherForecast+CoreDataProperties.swift in Sources */,
				9365277A22E1D05900D13621 /* Array.swift in Sources */,
				93521C7C22DF771A008A4FD8 /* WeatherWebService.swift in Sources */,
				932C1C0522E054A700169278 /* WeatherPresenter.swift in Sources */,
				937F86BC22E0891D002E06F6 /* CoreDataService.swift in Sources */,
				93521C8922DF81DA008A4FD8 /* WeatherListTableViewController.swift in Sources */,
				937F86B122E07A86002E06F6 /* WeatherDataModel.xcdatamodeld in Sources */,
				936C008A22E06B77000E50C8 /* WeatherTableViewCell.swift in Sources */,
				93521C8222DF77FD008A4FD8 /* WeatherManager.swift in Sources */,
				93BA37E222DF5BFC002EBF9A /* AppDelegate.swift in Sources */,
				936C008722E06B0D000E50C8 /* UIView.swift in Sources */,
				9358572A22E09A57004A4208 /* Date.swift in Sources */,
				93521C7822DF6A0A008A4FD8 /* WeatherParser.swift in Sources */,
				9358573122E0AEC3004A4208 /* WeatherDetailsViewController.swift in Sources */,
				9365277C22E1D08800D13621 /* LocationServiceManager.swift in Sources */,
				932C1C0722E057F500169278 /* WeatherRouter.swift in Sources */,
				9365277E22E1D0AE00D13621 /* TypeAlias.swift in Sources */,
				93521C7622DF6823008A4FD8 /* WeatherItem.swift in Sources */,
			);
			runOnlyForDeploymentPostprocessing = 0;
		};
/* End PBXSourcesBuildPhase section */

/* Begin PBXTargetDependency section */
		9358573E22E0D290004A4208 /* PBXTargetDependency */ = {
			isa = PBXTargetDependency;
			target = 93BA37DD22DF5BFC002EBF9A /* WeatherLeBonCoin */;
			targetProxy = 9358573D22E0D290004A4208 /* PBXContainerItemProxy */;
		};
/* End PBXTargetDependency section */

/* Begin PBXVariantGroup section */
		93BA37EA22DF5BFD002EBF9A /* LaunchScreen.storyboard */ = {
			isa = PBXVariantGroup;
			children = (
				93BA37EB22DF5BFD002EBF9A /* Base */,
			);
			name = LaunchScreen.storyboard;
			sourceTree = "<group>";
		};
/* End PBXVariantGroup section */

/* Begin XCBuildConfiguration section */
		9358574022E0D290004A4208 /* Debug */ = {
			isa = XCBuildConfiguration;
			baseConfigurationReference = E6D763BC18567799CFAD4E71 /* Pods-WeatherLeBonCoinTests.debug.xcconfig */;
			buildSettings = {
				BUNDLE_LOADER = "$(TEST_HOST)";
				CODE_SIGN_STYLE = Automatic;
				DEVELOPMENT_TEAM = D3GJU7L7XH;
				INFOPLIST_FILE = WeatherLeBonCoinTests/Info.plist;
				LD_RUNPATH_SEARCH_PATHS = (
					"$(inherited)",
					"@executable_path/Frameworks",
					"@loader_path/Frameworks",
				);
				PRODUCT_BUNDLE_IDENTIFIER = com.rania.najah.WeatherLeBonCoinTests;
				PRODUCT_NAME = "$(TARGET_NAME)";
				SWIFT_VERSION = 5.0;
				TARGETED_DEVICE_FAMILY = "1,2";
				TEST_HOST = "$(BUILT_PRODUCTS_DIR)/WeatherLeBonCoin.app/WeatherLeBonCoin";
			};
			name = Debug;
		};
		9358574122E0D290004A4208 /* Release */ = {
			isa = XCBuildConfiguration;
			baseConfigurationReference = F4E609F0B94CBA0CD2195D14 /* Pods-WeatherLeBonCoinTests.release.xcconfig */;
			buildSettings = {
				BUNDLE_LOADER = "$(TEST_HOST)";
				CODE_SIGN_STYLE = Automatic;
				DEVELOPMENT_TEAM = D3GJU7L7XH;
				INFOPLIST_FILE = WeatherLeBonCoinTests/Info.plist;
				LD_RUNPATH_SEARCH_PATHS = (
					"$(inherited)",
					"@executable_path/Frameworks",
					"@loader_path/Frameworks",
				);
				PRODUCT_BUNDLE_IDENTIFIER = com.rania.najah.WeatherLeBonCoinTests;
				PRODUCT_NAME = "$(TARGET_NAME)";
				SWIFT_VERSION = 5.0;
				TARGETED_DEVICE_FAMILY = "1,2";
				TEST_HOST = "$(BUILT_PRODUCTS_DIR)/WeatherLeBonCoin.app/WeatherLeBonCoin";
			};
			name = Release;
		};
		93BA37EE22DF5BFD002EBF9A /* Debug */ = {
			isa = XCBuildConfiguration;
			buildSettings = {
				ALWAYS_SEARCH_USER_PATHS = NO;
				CLANG_ANALYZER_NONNULL = YES;
				CLANG_ANALYZER_NUMBER_OBJECT_CONVERSION = YES_AGGRESSIVE;
				CLANG_CXX_LANGUAGE_STANDARD = "gnu++14";
				CLANG_CXX_LIBRARY = "libc++";
				CLANG_ENABLE_MODULES = YES;
				CLANG_ENABLE_OBJC_ARC = YES;
				CLANG_ENABLE_OBJC_WEAK = YES;
				CLANG_WARN_BLOCK_CAPTURE_AUTORELEASING = YES;
				CLANG_WARN_BOOL_CONVERSION = YES;
				CLANG_WARN_COMMA = YES;
				CLANG_WARN_CONSTANT_CONVERSION = YES;
				CLANG_WARN_DEPRECATED_OBJC_IMPLEMENTATIONS = YES;
				CLANG_WARN_DIRECT_OBJC_ISA_USAGE = YES_ERROR;
				CLANG_WARN_DOCUMENTATION_COMMENTS = YES;
				CLANG_WARN_EMPTY_BODY = YES;
				CLANG_WARN_ENUM_CONVERSION = YES;
				CLANG_WARN_INFINITE_RECURSION = YES;
				CLANG_WARN_INT_CONVERSION = YES;
				CLANG_WARN_NON_LITERAL_NULL_CONVERSION = YES;
				CLANG_WARN_OBJC_IMPLICIT_RETAIN_SELF = YES;
				CLANG_WARN_OBJC_LITERAL_CONVERSION = YES;
				CLANG_WARN_OBJC_ROOT_CLASS = YES_ERROR;
				CLANG_WARN_RANGE_LOOP_ANALYSIS = YES;
				CLANG_WARN_STRICT_PROTOTYPES = YES;
				CLANG_WARN_SUSPICIOUS_MOVE = YES;
				CLANG_WARN_UNGUARDED_AVAILABILITY = YES_AGGRESSIVE;
				CLANG_WARN_UNREACHABLE_CODE = YES;
				CLANG_WARN__DUPLICATE_METHOD_MATCH = YES;
				CODE_SIGN_IDENTITY = "iPhone Developer";
				COPY_PHASE_STRIP = NO;
				DEBUG_INFORMATION_FORMAT = dwarf;
				ENABLE_STRICT_OBJC_MSGSEND = YES;
				ENABLE_TESTABILITY = YES;
				GCC_C_LANGUAGE_STANDARD = gnu11;
				GCC_DYNAMIC_NO_PIC = NO;
				GCC_NO_COMMON_BLOCKS = YES;
				GCC_OPTIMIZATION_LEVEL = 0;
				GCC_PREPROCESSOR_DEFINITIONS = (
					"DEBUG=1",
					"$(inherited)",
				);
				GCC_WARN_64_TO_32_BIT_CONVERSION = YES;
				GCC_WARN_ABOUT_RETURN_TYPE = YES_ERROR;
				GCC_WARN_UNDECLARED_SELECTOR = YES;
				GCC_WARN_UNINITIALIZED_AUTOS = YES_AGGRESSIVE;
				GCC_WARN_UNUSED_FUNCTION = YES;
				GCC_WARN_UNUSED_VARIABLE = YES;
				IPHONEOS_DEPLOYMENT_TARGET = 12.2;
				MTL_ENABLE_DEBUG_INFO = INCLUDE_SOURCE;
				MTL_FAST_MATH = YES;
				ONLY_ACTIVE_ARCH = YES;
				SDKROOT = iphoneos;
				SWIFT_ACTIVE_COMPILATION_CONDITIONS = DEBUG;
				SWIFT_OPTIMIZATION_LEVEL = "-Onone";
			};
			name = Debug;
		};
		93BA37EF22DF5BFD002EBF9A /* Release */ = {
			isa = XCBuildConfiguration;
			buildSettings = {
				ALWAYS_SEARCH_USER_PATHS = NO;
				CLANG_ANALYZER_NONNULL = YES;
				CLANG_ANALYZER_NUMBER_OBJECT_CONVERSION = YES_AGGRESSIVE;
				CLANG_CXX_LANGUAGE_STANDARD = "gnu++14";
				CLANG_CXX_LIBRARY = "libc++";
				CLANG_ENABLE_MODULES = YES;
				CLANG_ENABLE_OBJC_ARC = YES;
				CLANG_ENABLE_OBJC_WEAK = YES;
				CLANG_WARN_BLOCK_CAPTURE_AUTORELEASING = YES;
				CLANG_WARN_BOOL_CONVERSION = YES;
				CLANG_WARN_COMMA = YES;
				CLANG_WARN_CONSTANT_CONVERSION = YES;
				CLANG_WARN_DEPRECATED_OBJC_IMPLEMENTATIONS = YES;
				CLANG_WARN_DIRECT_OBJC_ISA_USAGE = YES_ERROR;
				CLANG_WARN_DOCUMENTATION_COMMENTS = YES;
				CLANG_WARN_EMPTY_BODY = YES;
				CLANG_WARN_ENUM_CONVERSION = YES;
				CLANG_WARN_INFINITE_RECURSION = YES;
				CLANG_WARN_INT_CONVERSION = YES;
				CLANG_WARN_NON_LITERAL_NULL_CONVERSION = YES;
				CLANG_WARN_OBJC_IMPLICIT_RETAIN_SELF = YES;
				CLANG_WARN_OBJC_LITERAL_CONVERSION = YES;
				CLANG_WARN_OBJC_ROOT_CLASS = YES_ERROR;
				CLANG_WARN_RANGE_LOOP_ANALYSIS = YES;
				CLANG_WARN_STRICT_PROTOTYPES = YES;
				CLANG_WARN_SUSPICIOUS_MOVE = YES;
				CLANG_WARN_UNGUARDED_AVAILABILITY = YES_AGGRESSIVE;
				CLANG_WARN_UNREACHABLE_CODE = YES;
				CLANG_WARN__DUPLICATE_METHOD_MATCH = YES;
				CODE_SIGN_IDENTITY = "iPhone Developer";
				COPY_PHASE_STRIP = NO;
				DEBUG_INFORMATION_FORMAT = "dwarf-with-dsym";
				ENABLE_NS_ASSERTIONS = NO;
				ENABLE_STRICT_OBJC_MSGSEND = YES;
				GCC_C_LANGUAGE_STANDARD = gnu11;
				GCC_NO_COMMON_BLOCKS = YES;
				GCC_WARN_64_TO_32_BIT_CONVERSION = YES;
				GCC_WARN_ABOUT_RETURN_TYPE = YES_ERROR;
				GCC_WARN_UNDECLARED_SELECTOR = YES;
				GCC_WARN_UNINITIALIZED_AUTOS = YES_AGGRESSIVE;
				GCC_WARN_UNUSED_FUNCTION = YES;
				GCC_WARN_UNUSED_VARIABLE = YES;
				IPHONEOS_DEPLOYMENT_TARGET = 12.2;
				MTL_ENABLE_DEBUG_INFO = NO;
				MTL_FAST_MATH = YES;
				SDKROOT = iphoneos;
				SWIFT_COMPILATION_MODE = wholemodule;
				SWIFT_OPTIMIZATION_LEVEL = "-O";
				VALIDATE_PRODUCT = YES;
			};
			name = Release;
		};
		93BA37F122DF5BFD002EBF9A /* Debug */ = {
			isa = XCBuildConfiguration;
			baseConfigurationReference = 77B988D9405B3B17857AEC49 /* Pods-WeatherLeBonCoin.debug.xcconfig */;
			buildSettings = {
				ASSETCATALOG_COMPILER_APPICON_NAME = AppIcon;
				CODE_SIGN_STYLE = Automatic;
				DEVELOPMENT_TEAM = D3GJU7L7XH;
				INFOPLIST_FILE = WeatherLeBonCoin/Info.plist;
				IPHONEOS_DEPLOYMENT_TARGET = 10.0;
				LD_RUNPATH_SEARCH_PATHS = (
					"$(inherited)",
					"@executable_path/Frameworks",
				);
				PRODUCT_BUNDLE_IDENTIFIER = "fr.id-apps.test";
				PRODUCT_NAME = "$(TARGET_NAME)";
				SWIFT_VERSION = 5.0;
				TARGETED_DEVICE_FAMILY = "1,2";
			};
			name = Debug;
		};
		93BA37F222DF5BFD002EBF9A /* Release */ = {
			isa = XCBuildConfiguration;
			baseConfigurationReference = 9743D99F6DCA1953362AE396 /* Pods-WeatherLeBonCoin.release.xcconfig */;
			buildSettings = {
				ASSETCATALOG_COMPILER_APPICON_NAME = AppIcon;
				CODE_SIGN_STYLE = Automatic;
				DEVELOPMENT_TEAM = D3GJU7L7XH;
				INFOPLIST_FILE = WeatherLeBonCoin/Info.plist;
				IPHONEOS_DEPLOYMENT_TARGET = 10.0;
				LD_RUNPATH_SEARCH_PATHS = (
					"$(inherited)",
					"@executable_path/Frameworks",
				);
				PRODUCT_BUNDLE_IDENTIFIER = "fr.id-apps.test";
				PRODUCT_NAME = "$(TARGET_NAME)";
				SWIFT_VERSION = 5.0;
				TARGETED_DEVICE_FAMILY = "1,2";
			};
			name = Release;
		};
/* End XCBuildConfiguration section */

/* Begin XCConfigurationList section */
		9358573F22E0D290004A4208 /* Build configuration list for PBXNativeTarget "WeatherLeBonCoinTests" */ = {
			isa = XCConfigurationList;
			buildConfigurations = (
				9358574022E0D290004A4208 /* Debug */,
				9358574122E0D290004A4208 /* Release */,
			);
			defaultConfigurationIsVisible = 0;
			defaultConfigurationName = Release;
		};
		93BA37D922DF5BFC002EBF9A /* Build configuration list for PBXProject "WeatherLeBonCoin" */ = {
			isa = XCConfigurationList;
			buildConfigurations = (
				93BA37EE22DF5BFD002EBF9A /* Debug */,
				93BA37EF22DF5BFD002EBF9A /* Release */,
			);
			defaultConfigurationIsVisible = 0;
			defaultConfigurationName = Release;
		};
		93BA37F022DF5BFD002EBF9A /* Build configuration list for PBXNativeTarget "WeatherLeBonCoin" */ = {
			isa = XCConfigurationList;
			buildConfigurations = (
				93BA37F122DF5BFD002EBF9A /* Debug */,
				93BA37F222DF5BFD002EBF9A /* Release */,
			);
			defaultConfigurationIsVisible = 0;
			defaultConfigurationName = Release;
		};
/* End XCConfigurationList section */

/* Begin XCVersionGroup section */
		937F86AF22E07A86002E06F6 /* WeatherDataModel.xcdatamodeld */ = {
			isa = XCVersionGroup;
			children = (
				937F86B022E07A86002E06F6 /* WeatherDataModel.xcdatamodel */,
			);
			currentVersion = 937F86B022E07A86002E06F6 /* WeatherDataModel.xcdatamodel */;
			path = WeatherDataModel.xcdatamodeld;
			sourceTree = "<group>";
			versionGroupType = wrapper.xcdatamodel;
		};
/* End XCVersionGroup section */
	};
	rootObject = 93BA37D622DF5BFC002EBF9A /* Project object */;
}
